
Microsoft Visual Studio Solution File, Format Version 12.00
# Visual Studio Version 16
VisualStudioVersion = 16.0.31729.503
MinimumVisualStudioVersion = 10.0.40219.1
Project("{FAE04EC0-301F-11D3-BF4B-00C04F79EFBC}") = "Deserialization", "Deserialization\Deserialization.csproj", "{001A83B6-908D-45CF-A190-DE36614A2FEB}"
EndProject
Global
	GlobalSection(SolutionConfigurationPlatforms) = preSolution
		Debug|Any CPU = Debug|Any CPU
		Release|Any CPU = Release|Any CPU
	EndGlobalSection
	GlobalSection(ProjectConfigurationPlatforms) = postSolution
		{001A83B6-908D-45CF-A190-DE36614A2FEB}.Debug|Any CPU.ActiveCfg = Debug|Any CPU
		{001A83B6-908D-45CF-A190-DE36614A2FEB}.Debug|Any CPU.Build.0 = Debug|Any CPU
		{001A83B6-908D-45CF-A190-DE36614A2FEB}.Release|Any CPU.ActiveCfg = Release|Any CPU
		{001A83B6-908D-45CF-A190-DE36614A2FEB}.Release|Any CPU.Build.0 = Release|Any CPU
	EndGlobalSection
	GlobalSection(SolutionProperties) = preSolution
		HideSolutionNode = FALSE
	EndGlobalSection
	GlobalSection(ExtensibilityGlobals) = postSolution
		SolutionGuid = {9BB9F998-21A8-4712-8B9A-3DA03A4468DE}
	EndGlobalSection
EndGlobal
